// !$*UTF8*$!
{
	archiveVersion = 1;
	classes = {
	};
	objectVersion = 56;
	objects = {

/* Begin PBXBuildFile section */
		965D5BE429F9EC5500AE9C90 /* AppleLogoScreenSaverView.swift in Sources */ = {isa = PBXBuildFile; fileRef = 965D5BE329F9EC5500AE9C90 /* AppleLogoScreenSaverView.swift */; };
		965D5BFE29F9F16600AE9C90 /* Apple Logo Screensaver-Bridging-Header.h in Headers */ = {isa = PBXBuildFile; fileRef = 965D5BFD29F9F16600AE9C90 /* Apple Logo Screensaver-Bridging-Header.h */; };
		965D5C3A29FB68B100AE9C90 /* thumbnail@2x.png in Resources */ = {isa = PBXBuildFile; fileRef = 965D5C3929FB68B100AE9C90 /* thumbnail@2x.png */; };
		965D5C3E29FCC90D00AE9C90 /* video.mp4 in Resources */ = {isa = PBXBuildFile; fileRef = 965D5C3D29FCC90D00AE9C90 /* video.mp4 */; };
		96AE02D229FDA81E00C269C5 /* thumbnail.png in Resources */ = {isa = PBXBuildFile; fileRef = 96AE02D129FDA81E00C269C5 /* thumbnail.png */; };
/* End PBXBuildFile section */

/* Begin PBXFileReference section */
		965D5BD629F9EC0300AE9C90 /* Apple Logo.saver */ = {isa = PBXFileReference; explicitFileType = wrapper.cfbundle; includeInIndex = 0; path = "Apple Logo.saver"; sourceTree = BUILT_PRODUCTS_DIR; };
		965D5BE329F9EC5500AE9C90 /* AppleLogoScreenSaverView.swift */ = {isa = PBXFileReference; lastKnownFileType = sourcecode.swift; path = AppleLogoScreenSaverView.swift; sourceTree = "<group>"; };
		965D5BFD29F9F16600AE9C90 /* Apple Logo Screensaver-Bridging-Header.h */ = {isa = PBXFileReference; lastKnownFileType = sourcecode.c.h; path = "Apple Logo Screensaver-Bridging-Header.h"; sourceTree = "<group>"; };
		965D5C3929FB68B100AE9C90 /* thumbnail@2x.png */ = {isa = PBXFileReference; lastKnownFileType = image.png; path = "thumbnail@2x.png"; sourceTree = "<group>"; };
		965D5C3D29FCC90D00AE9C90 /* video.mp4 */ = {isa = PBXFileReference; lastKnownFileType = file; path = video.mp4; sourceTree = "<group>"; };
		96AE02D129FDA81E00C269C5 /* thumbnail.png */ = {isa = PBXFileReference; lastKnownFileType = image.png; path = thumbnail.png; sourceTree = "<group>"; };
/* End PBXFileReference section */

/* Begin PBXFrameworksBuildPhase section */
		965D5BD329F9EC0300AE9C90 /* Frameworks */ = {
			isa = PBXFrameworksBuildPhase;
			buildActionMask = 2147483647;
			files = (
			);
			runOnlyForDeploymentPostprocessing = 0;
		};
/* End PBXFrameworksBuildPhase section */

/* Begin PBXGroup section */
		965D5BCC29F9EC0300AE9C90 = {
			isa = PBXGroup;
			children = (
				965D5BD829F9EC0300AE9C90 /* Apple Logo Screensaver */,
				965D5BD729F9EC0300AE9C90 /* Products */,
			);
			sourceTree = "<group>";
		};
		965D5BD729F9EC0300AE9C90 /* Products */ = {
			isa = PBXGroup;
			children = (
				965D5BD629F9EC0300AE9C90 /* Apple Logo.saver */,
			);
			name = Products;
			sourceTree = "<group>";
		};
		965D5BD829F9EC0300AE9C90 /* Apple Logo Screensaver */ = {
			isa = PBXGroup;
			children = (
				965D5C3129FA436800AE9C90 /* Resources */,
				965D5BE329F9EC5500AE9C90 /* AppleLogoScreenSaverView.swift */,
				965D5BFD29F9F16600AE9C90 /* Apple Logo Screensaver-Bridging-Header.h */,
			);
			path = "Apple Logo Screensaver";
			sourceTree = "<group>";
		};
		965D5C3129FA436800AE9C90 /* Resources */ = {
			isa = PBXGroup;
			children = (
				96AE02D129FDA81E00C269C5 /* thumbnail.png */,
				965D5C3929FB68B100AE9C90 /* thumbnail@2x.png */,
				965D5C3D29FCC90D00AE9C90 /* video.mp4 */,
			);
			path = Resources;
			sourceTree = "<group>";
		};
/* End PBXGroup section */

/* Begin PBXHeadersBuildPhase section */
		965D5BD129F9EC0300AE9C90 /* Headers */ = {
			isa = PBXHeadersBuildPhase;
			buildActionMask = 2147483647;
			files = (
				965D5BFE29F9F16600AE9C90 /* Apple Logo Screensaver-Bridging-Header.h in Headers */,
			);
			runOnlyForDeploymentPostprocessing = 0;
		};
/* End PBXHeadersBuildPhase section */

/* Begin PBXNativeTarget section */
		965D5BD529F9EC0300AE9C90 /* Apple Logo */ = {
			isa = PBXNativeTarget;
			buildConfigurationList = 965D5BDF29F9EC0300AE9C90 /* Build configuration list for PBXNativeTarget "Apple Logo" */;
			buildPhases = (
				965D5BD129F9EC0300AE9C90 /* Headers */,
				965D5BD229F9EC0300AE9C90 /* Sources */,
				965D5BD329F9EC0300AE9C90 /* Frameworks */,
				965D5BD429F9EC0300AE9C90 /* Resources */,
			);
			buildRules = (
			);
			dependencies = (
			);
			name = "Apple Logo";
			productName = "Apple Logo Screensaver";
			productReference = 965D5BD629F9EC0300AE9C90 /* Apple Logo.saver */;
			productType = "com.apple.product-type.bundle";
		};
/* End PBXNativeTarget section */

/* Begin PBXProject section */
		965D5BCD29F9EC0300AE9C90 /* Project object */ = {
			isa = PBXProject;
			attributes = {
				BuildIndependentTargetsInParallel = 1;
				LastSwiftUpdateCheck = 1430;
				LastUpgradeCheck = 1430;
				TargetAttributes = {
					965D5BD529F9EC0300AE9C90 = {
						CreatedOnToolsVersion = 14.3;
						LastSwiftMigration = 1430;
					};
				};
			};
			buildConfigurationList = 965D5BD029F9EC0300AE9C90 /* Build configuration list for PBXProject "Apple Logo Screensaver" */;
			compatibilityVersion = "Xcode 14.0";
			developmentRegion = en;
			hasScannedForEncodings = 0;
			knownRegions = (
				en,
				Base,
			);
			mainGroup = 965D5BCC29F9EC0300AE9C90;
			productRefGroup = 965D5BD729F9EC0300AE9C90 /* Products */;
			projectDirPath = "";
			projectRoot = "";
			targets = (
				965D5BD529F9EC0300AE9C90 /* Apple Logo */,
			);
		};
/* End PBXProject section */

/* Begin PBXResourcesBuildPhase section */
		965D5BD429F9EC0300AE9C90 /* Resources */ = {
			isa = PBXResourcesBuildPhase;
			buildActionMask = 2147483647;
			files = (
				965D5C3A29FB68B100AE9C90 /* thumbnail@2x.png in Resources */,
				965D5C3E29FCC90D00AE9C90 /* video.mp4 in Resources */,
				96AE02D229FDA81E00C269C5 /* thumbnail.png in Resources */,
			);
			runOnlyForDeploymentPostprocessing = 0;
		};
/* End PBXResourcesBuildPhase section */

/* Begin PBXSourcesBuildPhase section */
		965D5BD229F9EC0300AE9C90 /* Sources */ = {
			isa = PBXSourcesBuildPhase;
			buildActionMask = 2147483647;
			files = (
				965D5BE429F9EC5500AE9C90 /* AppleLogoScreenSaverView.swift in Sources */,
			);
			runOnlyForDeploymentPostprocessing = 0;
		};
/* End PBXSourcesBuildPhase section */

/* Begin XCBuildConfiguration section */
		965D5BDD29F9EC0300AE9C90 /* Debug */ = {
			isa = XCBuildConfiguration;
			buildSettings = {
				ALWAYS_SEARCH_USER_PATHS = NO;
				CLANG_ANALYZER_NONNULL = YES;
				CLANG_ANALYZER_NUMBER_OBJECT_CONVERSION = YES_AGGRESSIVE;
				CLANG_CXX_LANGUAGE_STANDARD = "gnu++20";
				CLANG_ENABLE_MODULES = YES;
				CLANG_ENABLE_OBJC_ARC = YES;
				CLANG_ENABLE_OBJC_WEAK = YES;
				CLANG_WARN_BLOCK_CAPTURE_AUTORELEASING = YES;
				CLANG_WARN_BOOL_CONVERSION = YES;
				CLANG_WARN_COMMA = YES;
				CLANG_WARN_CONSTANT_CONVERSION = YES;
				CLANG_WARN_DEPRECATED_OBJC_IMPLEMENTATIONS = YES;
				CLANG_WARN_DIRECT_OBJC_ISA_USAGE = YES_ERROR;
				CLANG_WARN_DOCUMENTATION_COMMENTS = YES;
				CLANG_WARN_EMPTY_BODY = YES;
				CLANG_WARN_ENUM_CONVERSION = YES;
				CLANG_WARN_INFINITE_RECURSION = YES;
				CLANG_WARN_INT_CONVERSION = YES;
				CLANG_WARN_NON_LITERAL_NULL_CONVERSION = YES;
				CLANG_WARN_OBJC_IMPLICIT_RETAIN_SELF = YES;
				CLANG_WARN_OBJC_LITERAL_CONVERSION = YES;
				CLANG_WARN_OBJC_ROOT_CLASS = YES_ERROR;
				CLANG_WARN_QUOTED_INCLUDE_IN_FRAMEWORK_HEADER = YES;
				CLANG_WARN_RANGE_LOOP_ANALYSIS = YES;
				CLANG_WARN_STRICT_PROTOTYPES = YES;
				CLANG_WARN_SUSPICIOUS_MOVE = YES;
				CLANG_WARN_UNGUARDED_AVAILABILITY = YES_AGGRESSIVE;
				CLANG_WARN_UNREACHABLE_CODE = YES;
				CLANG_WARN__DUPLICATE_METHOD_MATCH = YES;
				COPY_PHASE_STRIP = NO;
				DEBUG_INFORMATION_FORMAT = dwarf;
				ENABLE_STRICT_OBJC_MSGSEND = YES;
				ENABLE_TESTABILITY = YES;
				GCC_C_LANGUAGE_STANDARD = gnu11;
				GCC_DYNAMIC_NO_PIC = NO;
				GCC_NO_COMMON_BLOCKS = YES;
				GCC_OPTIMIZATION_LEVEL = 0;
				GCC_PREPROCESSOR_DEFINITIONS = (
					"DEBUG=1",
					"$(inherited)",
				);
				GCC_WARN_64_TO_32_BIT_CONVERSION = YES;
				GCC_WARN_ABOUT_RETURN_TYPE = YES_ERROR;
				GCC_WARN_UNDECLARED_SELECTOR = YES;
				GCC_WARN_UNINITIALIZED_AUTOS = YES_AGGRESSIVE;
				GCC_WARN_UNUSED_FUNCTION = YES;
				GCC_WARN_UNUSED_VARIABLE = YES;
				MACOSX_DEPLOYMENT_TARGET = 13.3;
				MTL_ENABLE_DEBUG_INFO = INCLUDE_SOURCE;
				MTL_FAST_MATH = YES;
				ONLY_ACTIVE_ARCH = YES;
				SDKROOT = macosx;
			};
			name = Debug;
		};
		965D5BDE29F9EC0300AE9C90 /* Release */ = {
			isa = XCBuildConfiguration;
			buildSettings = {
				ALWAYS_SEARCH_USER_PATHS = NO;
				CLANG_ANALYZER_NONNULL = YES;
				CLANG_ANALYZER_NUMBER_OBJECT_CONVERSION = YES_AGGRESSIVE;
				CLANG_CXX_LANGUAGE_STANDARD = "gnu++20";
				CLANG_ENABLE_MODULES = YES;
				CLANG_ENABLE_OBJC_ARC = YES;
				CLANG_ENABLE_OBJC_WEAK = YES;
				CLANG_WARN_BLOCK_CAPTURE_AUTORELEASING = YES;
				CLANG_WARN_BOOL_CONVERSION = YES;
				CLANG_WARN_COMMA = YES;
				CLANG_WARN_CONSTANT_CONVERSION = YES;
				CLANG_WARN_DEPRECATED_OBJC_IMPLEMENTATIONS = YES;
				CLANG_WARN_DIRECT_OBJC_ISA_USAGE = YES_ERROR;
				CLANG_WARN_DOCUMENTATION_COMMENTS = YES;
				CLANG_WARN_EMPTY_BODY = YES;
				CLANG_WARN_ENUM_CONVERSION = YES;
				CLANG_WARN_INFINITE_RECURSION = YES;
				CLANG_WARN_INT_CONVERSION = YES;
				CLANG_WARN_NON_LITERAL_NULL_CONVERSION = YES;
				CLANG_WARN_OBJC_IMPLICIT_RETAIN_SELF = YES;
				CLANG_WARN_OBJC_LITERAL_CONVERSION = YES;
				CLANG_WARN_OBJC_ROOT_CLASS = YES_ERROR;
				CLANG_WARN_QUOTED_INCLUDE_IN_FRAMEWORK_HEADER = YES;
				CLANG_WARN_RANGE_LOOP_ANALYSIS = YES;
				CLANG_WARN_STRICT_PROTOTYPES = YES;
				CLANG_WARN_SUSPICIOUS_MOVE = YES;
				CLANG_WARN_UNGUARDED_AVAILABILITY = YES_AGGRESSIVE;
				CLANG_WARN_UNREACHABLE_CODE = YES;
				CLANG_WARN__DUPLICATE_METHOD_MATCH = YES;
				COPY_PHASE_STRIP = NO;
				DEBUG_INFORMATION_FORMAT = "dwarf-with-dsym";
				ENABLE_NS_ASSERTIONS = NO;
				ENABLE_STRICT_OBJC_MSGSEND = YES;
				GCC_C_LANGUAGE_STANDARD = gnu11;
				GCC_NO_COMMON_BLOCKS = YES;
				GCC_WARN_64_TO_32_BIT_CONVERSION = YES;
				GCC_WARN_ABOUT_RETURN_TYPE = YES_ERROR;
				GCC_WARN_UNDECLARED_SELECTOR = YES;
				GCC_WARN_UNINITIALIZED_AUTOS = YES_AGGRESSIVE;
				GCC_WARN_UNUSED_FUNCTION = YES;
				GCC_WARN_UNUSED_VARIABLE = YES;
				MACOSX_DEPLOYMENT_TARGET = 13.3;
				MTL_ENABLE_DEBUG_INFO = NO;
				MTL_FAST_MATH = YES;
				SDKROOT = macosx;
			};
			name = Release;
		};
		965D5BE029F9EC0300AE9C90 /* Debug */ = {
			isa = XCBuildConfiguration;
			buildSettings = {
				CLANG_ENABLE_MODULES = YES;
				CODE_SIGN_IDENTITY = "Apple Development";
				CODE_SIGN_STYLE = Automatic;
				COMBINE_HIDPI_IMAGES = YES;
				CURRENT_PROJECT_VERSION = 1;
				DEVELOPMENT_TEAM = GF3RX592JB;
				GENERATE_INFOPLIST_FILE = YES;
				INFOPLIST_KEY_NSHumanReadableCopyright = "";
				INFOPLIST_KEY_NSPrincipalClass = Apple_Logo_ScreensaverView;
				INSTALL_PATH = "$(HOME)/Library/Screen Savers";
				MARKETING_VERSION = 1.0;
				PRODUCT_BUNDLE_IDENTIFIER = "tehnrd.Apple-Logo-Screensaver";
				PRODUCT_NAME = "$(TARGET_NAME)";
				PROVISIONING_PROFILE_SPECIFIER = "";
				SWIFT_EMIT_LOC_STRINGS = YES;
				SWIFT_OBJC_BRIDGING_HEADER = "Apple Logo Screensaver/Apple Logo Screensaver-Bridging-Header.h";
				SWIFT_OPTIMIZATION_LEVEL = "-Onone";
				SWIFT_VERSION = 5.0;
				SYMROOT = build;
				WRAPPER_EXTENSION = saver;
			};
			name = Debug;
		};
		965D5BE129F9EC0300AE9C90 /* Release */ = {
			isa = XCBuildConfiguration;
			buildSettings = {
				CLANG_ENABLE_MODULES = YES;
				CODE_SIGN_IDENTITY = "Apple Development";
				"CODE_SIGN_IDENTITY[sdk=macosx*]" = "Apple Development";
				CODE_SIGN_STYLE = Automatic;
				COMBINE_HIDPI_IMAGES = YES;
				CURRENT_PROJECT_VERSION = 1;
				DEVELOPMENT_TEAM = GF3RX592JB;
				GENERATE_INFOPLIST_FILE = YES;
				INFOPLIST_KEY_NSHumanReadableCopyright = "";
				INFOPLIST_KEY_NSPrincipalClass = Apple_Logo_ScreensaverView;
				INSTALL_PATH = "$(HOME)/Library/Screen Savers";
				MARKETING_VERSION = 1.0;
				PRODUCT_BUNDLE_IDENTIFIER = "tehnrd.Apple-Logo-Screensaver";
				PRODUCT_NAME = "$(TARGET_NAME)";
				PROVISIONING_PROFILE_SPECIFIER = "";
				SWIFT_EMIT_LOC_STRINGS = YES;
				SWIFT_OBJC_BRIDGING_HEADER = "Apple Logo Screensaver/Apple Logo Screensaver-Bridging-Header.h";
				SWIFT_VERSION = 5.0;
				SYMROOT = build;
				WRAPPER_EXTENSION = saver;
			};
			name = Release;
		};
/* End XCBuildConfiguration section */

/* Begin XCConfigurationList section */
		965D5BD029F9EC0300AE9C90 /* Build configuration list for PBXProject "Apple Logo Screensaver" */ = {
			isa = XCConfigurationList;
			buildConfigurations = (
				965D5BDD29F9EC0300AE9C90 /* Debug */,
				965D5BDE29F9EC0300AE9C90 /* Release */,
			);
			defaultConfigurationIsVisible = 0;
			defaultConfigurationName = Release;
		};
		965D5BDF29F9EC0300AE9C90 /* Build configuration list for PBXNativeTarget "Apple Logo" */ = {
			isa = XCConfigurationList;
			buildConfigurations = (
				965D5BE029F9EC0300AE9C90 /* Debug */,
				965D5BE129F9EC0300AE9C90 /* Release */,
			);
			defaultConfigurationIsVisible = 0;
			defaultConfigurationName = Release;
		};
/* End XCConfigurationList section */
	};
	rootObject = 965D5BCD29F9EC0300AE9C90 /* Project object */;
}
